
Microsoft Visual Studio Solution File, Format Version 12.00
# Visual Studio Version 17
VisualStudioVersion = 17.4.33110.190
MinimumVisualStudioVersion = 10.0.40219.1
Project("{FAE04EC0-301F-11D3-BF4B-00C04F79EFBC}") = "CadCliWeb", "CadCliWeb\CadCliWeb.csproj", "{BCF23527-3084-428E-A63D-62CA5B21689B}"
EndProject
Project("{FAE04EC0-301F-11D3-BF4B-00C04F79EFBC}") = "Dominio", "Dominio\Dominio.csproj", "{D68CC51F-9314-4ED5-BDA7-B9BE635E8564}"
EndProject
Project("{FAE04EC0-301F-11D3-BF4B-00C04F79EFBC}") = "Infra.Dados", "Infra.Dados\Infra.Dados.csproj", "{3E89A7A8-E18B-4405-A944-822272BA980A}"
EndProject
Project("{FAE04EC0-301F-11D3-BF4B-00C04F79EFBC}") = "Infra.InjecaoDependencia", "Infra.InjecaoDependencia\Infra.InjecaoDependencia.csproj", "{93293863-1526-4323-BC93-34EDBE93DB2D}"
EndProject
Project("{FAE04EC0-301F-11D3-BF4B-00C04F79EFBC}") = "Servicos", "Servicos\Servicos.csproj", "{11C5333C-6BB9-448A-9655-4602E061D2FF}"
EndProject
Global
	GlobalSection(SolutionConfigurationPlatforms) = preSolution
		Debug|Any CPU = Debug|Any CPU
		Release|Any CPU = Release|Any CPU
	EndGlobalSection
	GlobalSection(ProjectConfigurationPlatforms) = postSolution
		{BCF23527-3084-428E-A63D-62CA5B21689B}.Debug|Any CPU.ActiveCfg = Debug|Any CPU
		{BCF23527-3084-428E-A63D-62CA5B21689B}.Debug|Any CPU.Build.0 = Debug|Any CPU
		{BCF23527-3084-428E-A63D-62CA5B21689B}.Release|Any CPU.ActiveCfg = Release|Any CPU
		{BCF23527-3084-428E-A63D-62CA5B21689B}.Release|Any CPU.Build.0 = Release|Any CPU
		{D68CC51F-9314-4ED5-BDA7-B9BE635E8564}.Debug|Any CPU.ActiveCfg = Debug|Any CPU
		{D68CC51F-9314-4ED5-BDA7-B9BE635E8564}.Debug|Any CPU.Build.0 = Debug|Any CPU
		{D68CC51F-9314-4ED5-BDA7-B9BE635E8564}.Release|Any CPU.ActiveCfg = Release|Any CPU
		{D68CC51F-9314-4ED5-BDA7-B9BE635E8564}.Release|Any CPU.Build.0 = Release|Any CPU
		{3E89A7A8-E18B-4405-A944-822272BA980A}.Debug|Any CPU.ActiveCfg = Debug|Any CPU
		{3E89A7A8-E18B-4405-A944-822272BA980A}.Debug|Any CPU.Build.0 = Debug|Any CPU
		{3E89A7A8-E18B-4405-A944-822272BA980A}.Release|Any CPU.ActiveCfg = Release|Any CPU
		{3E89A7A8-E18B-4405-A944-822272BA980A}.Release|Any CPU.Build.0 = Release|Any CPU
		{93293863-1526-4323-BC93-34EDBE93DB2D}.Debug|Any CPU.ActiveCfg = Debug|Any CPU
		{93293863-1526-4323-BC93-34EDBE93DB2D}.Debug|Any CPU.Build.0 = Debug|Any CPU
		{93293863-1526-4323-BC93-34EDBE93DB2D}.Release|Any CPU.ActiveCfg = Release|Any CPU
		{93293863-1526-4323-BC93-34EDBE93DB2D}.Release|Any CPU.Build.0 = Release|Any CPU
		{11C5333C-6BB9-448A-9655-4602E061D2FF}.Debug|Any CPU.ActiveCfg = Debug|Any CPU
		{11C5333C-6BB9-448A-9655-4602E061D2FF}.Debug|Any CPU.Build.0 = Debug|Any CPU
		{11C5333C-6BB9-448A-9655-4602E061D2FF}.Release|Any CPU.ActiveCfg = Release|Any CPU
		{11C5333C-6BB9-448A-9655-4602E061D2FF}.Release|Any CPU.Build.0 = Release|Any CPU
	EndGlobalSection
	GlobalSection(SolutionProperties) = preSolution
		HideSolutionNode = FALSE
	EndGlobalSection
	GlobalSection(ExtensibilityGlobals) = postSolution
		SolutionGuid = {846122AE-42D2-45FA-93AC-0FCC6A9CC146}
	EndGlobalSection
EndGlobal
